// !$*UTF8*$!
{
	archiveVersion = 1;
	classes = {
	};
	objectVersion = 56;
	objects = {

/* Begin PBXBuildFile section */
		263D73E62BA4C56F002190F4 /* Mini04App.swift in Sources */ = {isa = PBXBuildFile; fileRef = 263D73E52BA4C56F002190F4 /* Mini04App.swift */; };
		263D73E82BA4C56F002190F4 /* SwiftDataView.swift in Sources */ = {isa = PBXBuildFile; fileRef = 263D73E72BA4C56F002190F4 /* SwiftDataView.swift */; };
		263D73EA2BA4C56F002190F4 /* Item.swift in Sources */ = {isa = PBXBuildFile; fileRef = 263D73E92BA4C56F002190F4 /* Item.swift */; };
		263D73EC2BA4C571002190F4 /* Assets.xcassets in Resources */ = {isa = PBXBuildFile; fileRef = 263D73EB2BA4C571002190F4 /* Assets.xcassets */; };
		263D73EF2BA4C571002190F4 /* Preview Assets.xcassets in Resources */ = {isa = PBXBuildFile; fileRef = 263D73EE2BA4C571002190F4 /* Preview Assets.xcassets */; };
		263D74102BAA2CD3002190F4 /* WebScraping.swift in Sources */ = {isa = PBXBuildFile; fileRef = 263D740F2BAA2CD3002190F4 /* WebScraping.swift */; };
		2692A1F82BB1EC1600EEF9AB /* CameraOverlayView.swift in Sources */ = {isa = PBXBuildFile; fileRef = 2692A1F72BB1EC1600EEF9AB /* CameraOverlayView.swift */; };
		2692A1FA2BB25F4000EEF9AB /* SynonymModel.swift in Sources */ = {isa = PBXBuildFile; fileRef = 2692A1F92BB25F4000EEF9AB /* SynonymModel.swift */; };
		269DF63F2BB8E47B00B0C629 /* MyTrainingsView.swift in Sources */ = {isa = PBXBuildFile; fileRef = 269DF63E2BB8E47B00B0C629 /* MyTrainingsView.swift */; };
		269DF6432BBF2A5900B0C629 /* SynonymnsFeedbackTrainingView.swift in Sources */ = {isa = PBXBuildFile; fileRef = 269DF6422BBF2A5900B0C629 /* SynonymnsFeedbackTrainingView.swift */; };
		269DF6472BC3667500B0C629 /* CreateFolderModalView.swift in Sources */ = {isa = PBXBuildFile; fileRef = 269DF6462BC3667500B0C629 /* CreateFolderModalView.swift */; };
		269DF64B2BC57C6E00B0C629 /* EditingFolderModalView.swift in Sources */ = {isa = PBXBuildFile; fileRef = 269DF64A2BC57C6E00B0C629 /* EditingFolderModalView.swift */; };
		269DF6512BC5D76100B0C629 /* HumClassifier.mlmodel in Sources */ = {isa = PBXBuildFile; fileRef = 269DF6502BC5D76100B0C629 /* HumClassifier.mlmodel */; };
		269DF6532BC5D78800B0C629 /* HandPoseV1.mlmodel in Sources */ = {isa = PBXBuildFile; fileRef = 269DF6522BC5D78800B0C629 /* HandPoseV1.mlmodel */; };
		370655E42BB33E1B00B22AB0 /* SiderbarFolderComponent.swift in Sources */ = {isa = PBXBuildFile; fileRef = 370655E32BB33E1B00B22AB0 /* SiderbarFolderComponent.swift */; };
		370655E62BB5009F00B22AB0 /* Extras.swift in Sources */ = {isa = PBXBuildFile; fileRef = 370655E52BB5009F00B22AB0 /* Extras.swift */; };
		370E91DF2BA8AFAE00D39C27 /* CameraViewModel.swift in Sources */ = {isa = PBXBuildFile; fileRef = 370E91DE2BA8AFAE00D39C27 /* CameraViewModel.swift */; };
		370E91E12BA8AFC400D39C27 /* CameraPreview.swift in Sources */ = {isa = PBXBuildFile; fileRef = 370E91E02BA8AFC400D39C27 /* CameraPreview.swift */; };
		370E91E32BA8B78300D39C27 /* HUDCameraView.swift in Sources */ = {isa = PBXBuildFile; fileRef = 370E91E22BA8B78300D39C27 /* HUDCameraView.swift */; };
		370E91E52BA8B82D00D39C27 /* FinalPreview.swift in Sources */ = {isa = PBXBuildFile; fileRef = 370E91E42BA8B82D00D39C27 /* FinalPreview.swift */; };
		370E91EA2BA8C43B00D39C27 /* HandGestureController.swift in Sources */ = {isa = PBXBuildFile; fileRef = 370E91E92BA8C43B00D39C27 /* HandGestureController.swift */; };
		370E91EE2BA8D78100D39C27 /* ApresentacaoModel.swift in Sources */ = {isa = PBXBuildFile; fileRef = 370E91ED2BA8D78100D39C27 /* ApresentacaoModel.swift */; };
		370E91F02BA8D79600D39C27 /* PastaModel.swift in Sources */ = {isa = PBXBuildFile; fileRef = 370E91EF2BA8D79600D39C27 /* PastaModel.swift */; };
		370E91F22BA8D7AD00D39C27 /* FoldersViewModel.swift in Sources */ = {isa = PBXBuildFile; fileRef = 370E91F12BA8D7AD00D39C27 /* FoldersViewModel.swift */; };
		370E91F42BA8D7BA00D39C27 /* TreinoModel.swift in Sources */ = {isa = PBXBuildFile; fileRef = 370E91F32BA8D7BA00D39C27 /* TreinoModel.swift */; };
		370E91F62BA8D7D200D39C27 /* TreinoViewModel.swift in Sources */ = {isa = PBXBuildFile; fileRef = 370E91F52BA8D7D200D39C27 /* TreinoViewModel.swift */; };
		370E91F82BA8D7E200D39C27 /* VideoModel.swift in Sources */ = {isa = PBXBuildFile; fileRef = 370E91F72BA8D7E200D39C27 /* VideoModel.swift */; };
		370E91FA2BA8D86D00D39C27 /* PastaView.swift in Sources */ = {isa = PBXBuildFile; fileRef = 370E91F92BA8D86D00D39C27 /* PastaView.swift */; };
		370E91FC2BA8D8FD00D39C27 /* TreinoView.swift in Sources */ = {isa = PBXBuildFile; fileRef = 370E91FB2BA8D8FD00D39C27 /* TreinoView.swift */; };
		370E91FE2BA8D9F200D39C27 /* ApresentacaoViewModel.swift in Sources */ = {isa = PBXBuildFile; fileRef = 370E91FD2BA8D9F200D39C27 /* ApresentacaoViewModel.swift */; };
		377643DE2BA7AA2F0011C2BA /* RecordingVideoView.swift in Sources */ = {isa = PBXBuildFile; fileRef = 377643DD2BA7AA2F0011C2BA /* RecordingVideoView.swift */; };
		37E608F52BC5D56900B96B4A /* ModalTreinoView.swift in Sources */ = {isa = PBXBuildFile; fileRef = 37E608F42BC5D56900B96B4A /* ModalTreinoView.swift */; };
		BA5E1A1D2BB36ECD00B9528B /* ViewComponetns.swift in Sources */ = {isa = PBXBuildFile; fileRef = BA5E1A1C2BB36ECD00B9528B /* ViewComponetns.swift */; };
		BA5E1A202BB3724700B9528B /* ContentView.swift in Sources */ = {isa = PBXBuildFile; fileRef = 263D73F62BA4C865002190F4 /* ContentView.swift */; };
		BA8571092BAB4FE6000FF83B /* SpeechManager.swift in Sources */ = {isa = PBXBuildFile; fileRef = BA8571082BAB4FE6000FF83B /* SpeechManager.swift */; };
		F1721D8E2BC6FF4F00D08639 /* SwiftSoup in Frameworks */ = {isa = PBXBuildFile; productRef = F1721D8D2BC6FF4F00D08639 /* SwiftSoup */; };
		F19632162BA8DE130086D159 /* ChatGPTModels.swift in Sources */ = {isa = PBXBuildFile; fileRef = F19632152BA8DE130086D159 /* ChatGPTModels.swift */; };
		F19632182BA8DE5A0086D159 /* OpenAIService.swift in Sources */ = {isa = PBXBuildFile; fileRef = F19632172BA8DE5A0086D159 /* OpenAIService.swift */; };
		F196321C2BA9C3810086D159 /* ChatViewModel.swift in Sources */ = {isa = PBXBuildFile; fileRef = F196321B2BA9C3810086D159 /* ChatViewModel.swift */; };
		F196321E2BA9C3C80086D159 /* ChatView.swift in Sources */ = {isa = PBXBuildFile; fileRef = F196321D2BA9C3C80086D159 /* ChatView.swift */; };
		F19632262BAA07340086D159 /* NetworkCallsTests.swift in Sources */ = {isa = PBXBuildFile; fileRef = F19632252BAA07340086D159 /* NetworkCallsTests.swift */; };
		F196322D2BAA07F10086D159 /* TestData.swift in Sources */ = {isa = PBXBuildFile; fileRef = F196322C2BAA07F10086D159 /* TestData.swift */; };
		F1B51E002BBC3A7F000D0126 /* HumPredictor.swift in Sources */ = {isa = PBXBuildFile; fileRef = F1B51DFF2BBC3A7F000D0126 /* HumPredictor.swift */; };
		F1DEAE6F2BC487E100D1BB1C /* TranscricaoViewComponent.swift in Sources */ = {isa = PBXBuildFile; fileRef = F1DEAE6E2BC487E100D1BB1C /* TranscricaoViewComponent.swift */; };
/* End PBXBuildFile section */

/* Begin PBXContainerItemProxy section */
		F19632272BAA07340086D159 /* PBXContainerItemProxy */ = {
			isa = PBXContainerItemProxy;
			containerPortal = 263D73DA2BA4C56F002190F4 /* Project object */;
			proxyType = 1;
			remoteGlobalIDString = 263D73E12BA4C56F002190F4;
			remoteInfo = Mini04;
		};
/* End PBXContainerItemProxy section */

/* Begin PBXFileReference section */
		263D73E22BA4C56F002190F4 /* Orato.app */ = {isa = PBXFileReference; explicitFileType = wrapper.application; includeInIndex = 0; path = Orato.app; sourceTree = BUILT_PRODUCTS_DIR; };
		263D73E52BA4C56F002190F4 /* Mini04App.swift */ = {isa = PBXFileReference; lastKnownFileType = sourcecode.swift; path = Mini04App.swift; sourceTree = "<group>"; };
		263D73E72BA4C56F002190F4 /* SwiftDataView.swift */ = {isa = PBXFileReference; lastKnownFileType = sourcecode.swift; path = SwiftDataView.swift; sourceTree = "<group>"; };
		263D73E92BA4C56F002190F4 /* Item.swift */ = {isa = PBXFileReference; lastKnownFileType = sourcecode.swift; path = Item.swift; sourceTree = "<group>"; };
		263D73EB2BA4C571002190F4 /* Assets.xcassets */ = {isa = PBXFileReference; lastKnownFileType = folder.assetcatalog; path = Assets.xcassets; sourceTree = "<group>"; };
		263D73EE2BA4C571002190F4 /* Preview Assets.xcassets */ = {isa = PBXFileReference; lastKnownFileType = folder.assetcatalog; path = "Preview Assets.xcassets"; sourceTree = "<group>"; };
		263D73F02BA4C571002190F4 /* Mini04.entitlements */ = {isa = PBXFileReference; lastKnownFileType = text.plist.entitlements; path = Mini04.entitlements; sourceTree = "<group>"; };
		263D73F62BA4C865002190F4 /* ContentView.swift */ = {isa = PBXFileReference; lastKnownFileType = sourcecode.swift; path = ContentView.swift; sourceTree = "<group>"; };
		263D740F2BAA2CD3002190F4 /* WebScraping.swift */ = {isa = PBXFileReference; lastKnownFileType = sourcecode.swift; path = WebScraping.swift; sourceTree = "<group>"; };
		2692A1F72BB1EC1600EEF9AB /* CameraOverlayView.swift */ = {isa = PBXFileReference; fileEncoding = 4; lastKnownFileType = sourcecode.swift; path = CameraOverlayView.swift; sourceTree = "<group>"; };
		2692A1F92BB25F4000EEF9AB /* SynonymModel.swift */ = {isa = PBXFileReference; lastKnownFileType = sourcecode.swift; path = SynonymModel.swift; sourceTree = "<group>"; };
		269DF63E2BB8E47B00B0C629 /* MyTrainingsView.swift */ = {isa = PBXFileReference; lastKnownFileType = sourcecode.swift; path = MyTrainingsView.swift; sourceTree = "<group>"; };
		269DF6422BBF2A5900B0C629 /* SynonymnsFeedbackTrainingView.swift */ = {isa = PBXFileReference; lastKnownFileType = sourcecode.swift; path = SynonymnsFeedbackTrainingView.swift; sourceTree = "<group>"; };
		269DF6462BC3667500B0C629 /* CreateFolderModalView.swift */ = {isa = PBXFileReference; lastKnownFileType = sourcecode.swift; path = CreateFolderModalView.swift; sourceTree = "<group>"; };
		269DF64A2BC57C6E00B0C629 /* EditingFolderModalView.swift */ = {isa = PBXFileReference; lastKnownFileType = sourcecode.swift; path = EditingFolderModalView.swift; sourceTree = "<group>"; };
		269DF6502BC5D76100B0C629 /* HumClassifier.mlmodel */ = {isa = PBXFileReference; lastKnownFileType = file.mlmodel; path = HumClassifier.mlmodel; sourceTree = "<group>"; };
		269DF6522BC5D78800B0C629 /* HandPoseV1.mlmodel */ = {isa = PBXFileReference; lastKnownFileType = file.mlmodel; path = HandPoseV1.mlmodel; sourceTree = "<group>"; };
		370655E32BB33E1B00B22AB0 /* SiderbarFolderComponent.swift */ = {isa = PBXFileReference; lastKnownFileType = sourcecode.swift; path = SiderbarFolderComponent.swift; sourceTree = "<group>"; };
		370655E52BB5009F00B22AB0 /* Extras.swift */ = {isa = PBXFileReference; lastKnownFileType = sourcecode.swift; path = Extras.swift; sourceTree = "<group>"; };
		370E91DE2BA8AFAE00D39C27 /* CameraViewModel.swift */ = {isa = PBXFileReference; lastKnownFileType = sourcecode.swift; path = CameraViewModel.swift; sourceTree = "<group>"; };
		370E91E02BA8AFC400D39C27 /* CameraPreview.swift */ = {isa = PBXFileReference; lastKnownFileType = sourcecode.swift; path = CameraPreview.swift; sourceTree = "<group>"; };
		370E91E22BA8B78300D39C27 /* HUDCameraView.swift */ = {isa = PBXFileReference; lastKnownFileType = sourcecode.swift; path = HUDCameraView.swift; sourceTree = "<group>"; };
		370E91E42BA8B82D00D39C27 /* FinalPreview.swift */ = {isa = PBXFileReference; lastKnownFileType = sourcecode.swift; path = FinalPreview.swift; sourceTree = "<group>"; };
		370E91E92BA8C43B00D39C27 /* HandGestureController.swift */ = {isa = PBXFileReference; fileEncoding = 4; lastKnownFileType = sourcecode.swift; path = HandGestureController.swift; sourceTree = "<group>"; };
		370E91ED2BA8D78100D39C27 /* ApresentacaoModel.swift */ = {isa = PBXFileReference; lastKnownFileType = sourcecode.swift; path = ApresentacaoModel.swift; sourceTree = "<group>"; };
		370E91EF2BA8D79600D39C27 /* PastaModel.swift */ = {isa = PBXFileReference; lastKnownFileType = sourcecode.swift; path = PastaModel.swift; sourceTree = "<group>"; };
		370E91F12BA8D7AD00D39C27 /* FoldersViewModel.swift */ = {isa = PBXFileReference; lastKnownFileType = sourcecode.swift; path = FoldersViewModel.swift; sourceTree = "<group>"; };
		370E91F32BA8D7BA00D39C27 /* TreinoModel.swift */ = {isa = PBXFileReference; lastKnownFileType = sourcecode.swift; path = TreinoModel.swift; sourceTree = "<group>"; };
		370E91F52BA8D7D200D39C27 /* TreinoViewModel.swift */ = {isa = PBXFileReference; lastKnownFileType = sourcecode.swift; path = TreinoViewModel.swift; sourceTree = "<group>"; };
		370E91F72BA8D7E200D39C27 /* VideoModel.swift */ = {isa = PBXFileReference; lastKnownFileType = sourcecode.swift; path = VideoModel.swift; sourceTree = "<group>"; };
		370E91F92BA8D86D00D39C27 /* PastaView.swift */ = {isa = PBXFileReference; lastKnownFileType = sourcecode.swift; path = PastaView.swift; sourceTree = "<group>"; };
		370E91FB2BA8D8FD00D39C27 /* TreinoView.swift */ = {isa = PBXFileReference; lastKnownFileType = sourcecode.swift; path = TreinoView.swift; sourceTree = "<group>"; };
		370E91FD2BA8D9F200D39C27 /* ApresentacaoViewModel.swift */ = {isa = PBXFileReference; lastKnownFileType = sourcecode.swift; path = ApresentacaoViewModel.swift; sourceTree = "<group>"; };
		377643DD2BA7AA2F0011C2BA /* RecordingVideoView.swift */ = {isa = PBXFileReference; lastKnownFileType = sourcecode.swift; path = RecordingVideoView.swift; sourceTree = "<group>"; };
		37E608F42BC5D56900B96B4A /* ModalTreinoView.swift */ = {isa = PBXFileReference; lastKnownFileType = sourcecode.swift; path = ModalTreinoView.swift; sourceTree = "<group>"; };
		BA5E1A1C2BB36ECD00B9528B /* ViewComponetns.swift */ = {isa = PBXFileReference; lastKnownFileType = sourcecode.swift; path = ViewComponetns.swift; sourceTree = "<group>"; };
		BA8571082BAB4FE6000FF83B /* SpeechManager.swift */ = {isa = PBXFileReference; lastKnownFileType = sourcecode.swift; path = SpeechManager.swift; sourceTree = "<group>"; };
		F19632152BA8DE130086D159 /* ChatGPTModels.swift */ = {isa = PBXFileReference; lastKnownFileType = sourcecode.swift; path = ChatGPTModels.swift; sourceTree = "<group>"; };
		F19632172BA8DE5A0086D159 /* OpenAIService.swift */ = {isa = PBXFileReference; lastKnownFileType = sourcecode.swift; path = OpenAIService.swift; sourceTree = "<group>"; };
		F196321B2BA9C3810086D159 /* ChatViewModel.swift */ = {isa = PBXFileReference; lastKnownFileType = sourcecode.swift; path = ChatViewModel.swift; sourceTree = "<group>"; };
		F196321D2BA9C3C80086D159 /* ChatView.swift */ = {isa = PBXFileReference; lastKnownFileType = sourcecode.swift; path = ChatView.swift; sourceTree = "<group>"; };
		F19632232BAA07330086D159 /* NetworkCallsTests.xctest */ = {isa = PBXFileReference; explicitFileType = wrapper.cfbundle; includeInIndex = 0; path = NetworkCallsTests.xctest; sourceTree = BUILT_PRODUCTS_DIR; };
		F19632252BAA07340086D159 /* NetworkCallsTests.swift */ = {isa = PBXFileReference; lastKnownFileType = sourcecode.swift; path = NetworkCallsTests.swift; sourceTree = "<group>"; };
		F196322C2BAA07F10086D159 /* TestData.swift */ = {isa = PBXFileReference; lastKnownFileType = sourcecode.swift; path = TestData.swift; sourceTree = "<group>"; };
		F1B51DFF2BBC3A7F000D0126 /* HumPredictor.swift */ = {isa = PBXFileReference; lastKnownFileType = sourcecode.swift; path = HumPredictor.swift; sourceTree = "<group>"; };
		F1DEAE6E2BC487E100D1BB1C /* TranscricaoViewComponent.swift */ = {isa = PBXFileReference; lastKnownFileType = sourcecode.swift; path = TranscricaoViewComponent.swift; sourceTree = "<group>"; };
/* End PBXFileReference section */

/* Begin PBXFrameworksBuildPhase section */
		263D73DF2BA4C56F002190F4 /* Frameworks */ = {
			isa = PBXFrameworksBuildPhase;
			buildActionMask = 2147483647;
			files = (
				F1721D8E2BC6FF4F00D08639 /* SwiftSoup in Frameworks */,
			);
			runOnlyForDeploymentPostprocessing = 0;
		};
		F19632202BAA07330086D159 /* Frameworks */ = {
			isa = PBXFrameworksBuildPhase;
			buildActionMask = 2147483647;
			files = (
			);
			runOnlyForDeploymentPostprocessing = 0;
		};
/* End PBXFrameworksBuildPhase section */

/* Begin PBXGroup section */
		263D73D92BA4C56F002190F4 = {
			isa = PBXGroup;
			children = (
				269DF6522BC5D78800B0C629 /* HandPoseV1.mlmodel */,
				269DF6502BC5D76100B0C629 /* HumClassifier.mlmodel */,
				370E91E82BA8C14B00D39C27 /* Model */,
				370E91E72BA8C14600D39C27 /* View */,
				370E91E62BA8C13B00D39C27 /* ViewModel */,
				263D73E42BA4C56F002190F4 /* Mini04 */,
				F19632242BAA07340086D159 /* NetworkCallsTests */,
				263D73E32BA4C56F002190F4 /* Products */,
			);
			sourceTree = "<group>";
		};
		263D73E32BA4C56F002190F4 /* Products */ = {
			isa = PBXGroup;
			children = (
				263D73E22BA4C56F002190F4 /* Orato.app */,
				F19632232BAA07330086D159 /* NetworkCallsTests.xctest */,
			);
			name = Products;
			sourceTree = "<group>";
		};
		263D73E42BA4C56F002190F4 /* Mini04 */ = {
			isa = PBXGroup;
			children = (
				263D73E92BA4C56F002190F4 /* Item.swift */,
				263D73E52BA4C56F002190F4 /* Mini04App.swift */,
				263D73E72BA4C56F002190F4 /* SwiftDataView.swift */,
				263D73EB2BA4C571002190F4 /* Assets.xcassets */,
				263D73F02BA4C571002190F4 /* Mini04.entitlements */,
				370655E52BB5009F00B22AB0 /* Extras.swift */,
				263D73ED2BA4C571002190F4 /* Preview Content */,
			);
			path = Mini04;
			sourceTree = "<group>";
		};
		263D73ED2BA4C571002190F4 /* Preview Content */ = {
			isa = PBXGroup;
			children = (
				263D73EE2BA4C571002190F4 /* Preview Assets.xcassets */,
			);
			path = "Preview Content";
			sourceTree = "<group>";
		};
		370E91E62BA8C13B00D39C27 /* ViewModel */ = {
			isa = PBXGroup;
			children = (
				370E91F52BA8D7D200D39C27 /* TreinoViewModel.swift */,
				370E91F12BA8D7AD00D39C27 /* FoldersViewModel.swift */,
				370E91DE2BA8AFAE00D39C27 /* CameraViewModel.swift */,
				370E91E92BA8C43B00D39C27 /* HandGestureController.swift */,
				370E91FD2BA8D9F200D39C27 /* ApresentacaoViewModel.swift */,
				F196321B2BA9C3810086D159 /* ChatViewModel.swift */,
				BA8571082BAB4FE6000FF83B /* SpeechManager.swift */,
			);
			path = ViewModel;
			sourceTree = "<group>";
		};
		370E91E72BA8C14600D39C27 /* View */ = {
			isa = PBXGroup;
			children = (
				263D73F62BA4C865002190F4 /* ContentView.swift */,
				370E91FB2BA8D8FD00D39C27 /* TreinoView.swift */,
				370E91E42BA8B82D00D39C27 /* FinalPreview.swift */,
				370E91E02BA8AFC400D39C27 /* CameraPreview.swift */,
				370E91E22BA8B78300D39C27 /* HUDCameraView.swift */,
				377643DD2BA7AA2F0011C2BA /* RecordingVideoView.swift */,
				370E91F92BA8D86D00D39C27 /* PastaView.swift */,
				F196321D2BA9C3C80086D159 /* ChatView.swift */,
				263D740F2BAA2CD3002190F4 /* WebScraping.swift */,
				2692A1F72BB1EC1600EEF9AB /* CameraOverlayView.swift */,
				BA5E1A1C2BB36ECD00B9528B /* ViewComponetns.swift */,
				370655E32BB33E1B00B22AB0 /* SiderbarFolderComponent.swift */,
				269DF63E2BB8E47B00B0C629 /* MyTrainingsView.swift */,
				269DF6422BBF2A5900B0C629 /* SynonymnsFeedbackTrainingView.swift */,
				269DF6462BC3667500B0C629 /* CreateFolderModalView.swift */,
				F1DEAE6E2BC487E100D1BB1C /* TranscricaoViewComponent.swift */,
				269DF64A2BC57C6E00B0C629 /* EditingFolderModalView.swift */,
				37E608F42BC5D56900B96B4A /* ModalTreinoView.swift */,
			);
			path = View;
			sourceTree = "<group>";
		};
		370E91E82BA8C14B00D39C27 /* Model */ = {
			isa = PBXGroup;
			children = (
				370E91F72BA8D7E200D39C27 /* VideoModel.swift */,
				370E91F32BA8D7BA00D39C27 /* TreinoModel.swift */,
				2692A1F92BB25F4000EEF9AB /* SynonymModel.swift */,
				370E91EF2BA8D79600D39C27 /* PastaModel.swift */,
				370E91ED2BA8D78100D39C27 /* ApresentacaoModel.swift */,
				F19632152BA8DE130086D159 /* ChatGPTModels.swift */,
				F19632172BA8DE5A0086D159 /* OpenAIService.swift */,
				F1B51DFF2BBC3A7F000D0126 /* HumPredictor.swift */,
			);
			path = Model;
			sourceTree = "<group>";
		};
		F19632242BAA07340086D159 /* NetworkCallsTests */ = {
			isa = PBXGroup;
			children = (
				F19632252BAA07340086D159 /* NetworkCallsTests.swift */,
				F196322C2BAA07F10086D159 /* TestData.swift */,
			);
			path = NetworkCallsTests;
			sourceTree = "<group>";
		};
/* End PBXGroup section */

/* Begin PBXNativeTarget section */
		263D73E12BA4C56F002190F4 /* Orato */ = {
			isa = PBXNativeTarget;
			buildConfigurationList = 263D73F32BA4C571002190F4 /* Build configuration list for PBXNativeTarget "Orato" */;
			buildPhases = (
				263D73DE2BA4C56F002190F4 /* Sources */,
				263D73DF2BA4C56F002190F4 /* Frameworks */,
				263D73E02BA4C56F002190F4 /* Resources */,
			);
			buildRules = (
			);
			dependencies = (
			);
			name = Orato;
			packageProductDependencies = (
				F1721D8D2BC6FF4F00D08639 /* SwiftSoup */,
			);
			productName = Mini04;
			productReference = 263D73E22BA4C56F002190F4 /* Orato.app */;
			productType = "com.apple.product-type.application";
		};
		F19632222BAA07330086D159 /* NetworkCallsTests */ = {
			isa = PBXNativeTarget;
			buildConfigurationList = F19632292BAA07340086D159 /* Build configuration list for PBXNativeTarget "NetworkCallsTests" */;
			buildPhases = (
				F196321F2BAA07330086D159 /* Sources */,
				F19632202BAA07330086D159 /* Frameworks */,
				F19632212BAA07330086D159 /* Resources */,
			);
			buildRules = (
			);
			dependencies = (
				F19632282BAA07340086D159 /* PBXTargetDependency */,
			);
			name = NetworkCallsTests;
			productName = NetworkCallsTests;
			productReference = F19632232BAA07330086D159 /* NetworkCallsTests.xctest */;
			productType = "com.apple.product-type.bundle.unit-test";
		};
/* End PBXNativeTarget section */

/* Begin PBXProject section */
		263D73DA2BA4C56F002190F4 /* Project object */ = {
			isa = PBXProject;
			attributes = {
				BuildIndependentTargetsInParallel = 1;
				LastSwiftUpdateCheck = 1530;
				LastUpgradeCheck = 1520;
				TargetAttributes = {
					263D73E12BA4C56F002190F4 = {
						CreatedOnToolsVersion = 15.2;
					};
					F19632222BAA07330086D159 = {
						CreatedOnToolsVersion = 15.3;
						TestTargetID = 263D73E12BA4C56F002190F4;
					};
				};
			};
			buildConfigurationList = 263D73DD2BA4C56F002190F4 /* Build configuration list for PBXProject "Orato" */;
			compatibilityVersion = "Xcode 14.0";
			developmentRegion = en;
			hasScannedForEncodings = 0;
			knownRegions = (
				en,
				Base,
			);
			mainGroup = 263D73D92BA4C56F002190F4;
			packageReferences = (
				263D740C2BAA2C57002190F4 /* XCRemoteSwiftPackageReference "SwiftSoup" */,
			);
			productRefGroup = 263D73E32BA4C56F002190F4 /* Products */;
			projectDirPath = "";
			projectRoot = "";
			targets = (
				263D73E12BA4C56F002190F4 /* Orato */,
				F19632222BAA07330086D159 /* NetworkCallsTests */,
			);
		};
/* End PBXProject section */

/* Begin PBXResourcesBuildPhase section */
		263D73E02BA4C56F002190F4 /* Resources */ = {
			isa = PBXResourcesBuildPhase;
			buildActionMask = 2147483647;
			files = (
				263D73EF2BA4C571002190F4 /* Preview Assets.xcassets in Resources */,
				263D73EC2BA4C571002190F4 /* Assets.xcassets in Resources */,
			);
			runOnlyForDeploymentPostprocessing = 0;
		};
		F19632212BAA07330086D159 /* Resources */ = {
			isa = PBXResourcesBuildPhase;
			buildActionMask = 2147483647;
			files = (
			);
			runOnlyForDeploymentPostprocessing = 0;
		};
/* End PBXResourcesBuildPhase section */

/* Begin PBXSourcesBuildPhase section */
		263D73DE2BA4C56F002190F4 /* Sources */ = {
			isa = PBXSourcesBuildPhase;
			buildActionMask = 2147483647;
			files = (
				370E91EA2BA8C43B00D39C27 /* HandGestureController.swift in Sources */,
				F19632182BA8DE5A0086D159 /* OpenAIService.swift in Sources */,
				269DF6432BBF2A5900B0C629 /* SynonymnsFeedbackTrainingView.swift in Sources */,
				BA5E1A202BB3724700B9528B /* ContentView.swift in Sources */,
				F19632162BA8DE130086D159 /* ChatGPTModels.swift in Sources */,
				370E91E32BA8B78300D39C27 /* HUDCameraView.swift in Sources */,
				F196321E2BA9C3C80086D159 /* ChatView.swift in Sources */,
				370E91E52BA8B82D00D39C27 /* FinalPreview.swift in Sources */,
				F1B51E002BBC3A7F000D0126 /* HumPredictor.swift in Sources */,
				370E91FC2BA8D8FD00D39C27 /* TreinoView.swift in Sources */,
				370E91F62BA8D7D200D39C27 /* TreinoViewModel.swift in Sources */,
				269DF64B2BC57C6E00B0C629 /* EditingFolderModalView.swift in Sources */,
				263D73E82BA4C56F002190F4 /* SwiftDataView.swift in Sources */,
				370E91FA2BA8D86D00D39C27 /* PastaView.swift in Sources */,
				370E91F42BA8D7BA00D39C27 /* TreinoModel.swift in Sources */,
				269DF63F2BB8E47B00B0C629 /* MyTrainingsView.swift in Sources */,
				269DF6472BC3667500B0C629 /* CreateFolderModalView.swift in Sources */,
				370E91DF2BA8AFAE00D39C27 /* CameraViewModel.swift in Sources */,
				370E91EE2BA8D78100D39C27 /* ApresentacaoModel.swift in Sources */,
				F1DEAE6F2BC487E100D1BB1C /* TranscricaoViewComponent.swift in Sources */,
				BA8571092BAB4FE6000FF83B /* SpeechManager.swift in Sources */,
				370655E62BB5009F00B22AB0 /* Extras.swift in Sources */,
				2692A1F82BB1EC1600EEF9AB /* CameraOverlayView.swift in Sources */,
				BA5E1A1D2BB36ECD00B9528B /* ViewComponetns.swift in Sources */,
				F196321C2BA9C3810086D159 /* ChatViewModel.swift in Sources */,
				2692A1FA2BB25F4000EEF9AB /* SynonymModel.swift in Sources */,
				269DF6512BC5D76100B0C629 /* HumClassifier.mlmodel in Sources */,
				370E91DF2BA8AFAE00D39C27 /* CameraViewModel.swift in Sources */,
				370655E42BB33E1B00B22AB0 /* SiderbarFolderComponent.swift in Sources */,
				37E608F52BC5D56900B96B4A /* ModalTreinoView.swift in Sources */,
				377643DE2BA7AA2F0011C2BA /* RecordingVideoView.swift in Sources */,
				370E91E12BA8AFC400D39C27 /* CameraPreview.swift in Sources */,
				263D73E82BA4C56F002190F4 /* SwiftDataView.swift in Sources */,
				370E91F82BA8D7E200D39C27 /* VideoModel.swift in Sources */,
				263D73EA2BA4C56F002190F4 /* Item.swift in Sources */,
				263D73E62BA4C56F002190F4 /* Mini04App.swift in Sources */,
				370E91FE2BA8D9F200D39C27 /* ApresentacaoViewModel.swift in Sources */,
				370E91F22BA8D7AD00D39C27 /* FoldersViewModel.swift in Sources */,
				269DF6532BC5D78800B0C629 /* HandPoseV1.mlmodel in Sources */,
				263D74102BAA2CD3002190F4 /* WebScraping.swift in Sources */,
				370E91F02BA8D79600D39C27 /* PastaModel.swift in Sources */,
			);
			runOnlyForDeploymentPostprocessing = 0;
		};
		F196321F2BAA07330086D159 /* Sources */ = {
			isa = PBXSourcesBuildPhase;
			buildActionMask = 2147483647;
			files = (
				F19632262BAA07340086D159 /* NetworkCallsTests.swift in Sources */,
				F196322D2BAA07F10086D159 /* TestData.swift in Sources */,
			);
			runOnlyForDeploymentPostprocessing = 0;
		};
/* End PBXSourcesBuildPhase section */

/* Begin PBXTargetDependency section */
		F19632282BAA07340086D159 /* PBXTargetDependency */ = {
			isa = PBXTargetDependency;
			target = 263D73E12BA4C56F002190F4 /* Orato */;
			targetProxy = F19632272BAA07340086D159 /* PBXContainerItemProxy */;
		};
/* End PBXTargetDependency section */

/* Begin XCBuildConfiguration section */
		263D73F12BA4C571002190F4 /* Debug */ = {
			isa = XCBuildConfiguration;
			buildSettings = {
				ALWAYS_SEARCH_USER_PATHS = NO;
				ASSETCATALOG_COMPILER_GENERATE_SWIFT_ASSET_SYMBOL_EXTENSIONS = YES;
				CLANG_ANALYZER_NONNULL = YES;
				CLANG_ANALYZER_NUMBER_OBJECT_CONVERSION = YES_AGGRESSIVE;
				CLANG_CXX_LANGUAGE_STANDARD = "gnu++20";
				CLANG_ENABLE_MODULES = YES;
				CLANG_ENABLE_OBJC_ARC = YES;
				CLANG_ENABLE_OBJC_WEAK = YES;
				CLANG_WARN_BLOCK_CAPTURE_AUTORELEASING = YES;
				CLANG_WARN_BOOL_CONVERSION = YES;
				CLANG_WARN_COMMA = YES;
				CLANG_WARN_CONSTANT_CONVERSION = YES;
				CLANG_WARN_DEPRECATED_OBJC_IMPLEMENTATIONS = YES;
				CLANG_WARN_DIRECT_OBJC_ISA_USAGE = YES_ERROR;
				CLANG_WARN_DOCUMENTATION_COMMENTS = YES;
				CLANG_WARN_EMPTY_BODY = YES;
				CLANG_WARN_ENUM_CONVERSION = YES;
				CLANG_WARN_INFINITE_RECURSION = YES;
				CLANG_WARN_INT_CONVERSION = YES;
				CLANG_WARN_NON_LITERAL_NULL_CONVERSION = YES;
				CLANG_WARN_OBJC_IMPLICIT_RETAIN_SELF = YES;
				CLANG_WARN_OBJC_LITERAL_CONVERSION = YES;
				CLANG_WARN_OBJC_ROOT_CLASS = YES_ERROR;
				CLANG_WARN_QUOTED_INCLUDE_IN_FRAMEWORK_HEADER = YES;
				CLANG_WARN_RANGE_LOOP_ANALYSIS = YES;
				CLANG_WARN_STRICT_PROTOTYPES = YES;
				CLANG_WARN_SUSPICIOUS_MOVE = YES;
				CLANG_WARN_UNGUARDED_AVAILABILITY = YES_AGGRESSIVE;
				CLANG_WARN_UNREACHABLE_CODE = YES;
				CLANG_WARN__DUPLICATE_METHOD_MATCH = YES;
				COPY_PHASE_STRIP = NO;
				DEBUG_INFORMATION_FORMAT = dwarf;
				ENABLE_STRICT_OBJC_MSGSEND = YES;
				ENABLE_TESTABILITY = YES;
				ENABLE_USER_SCRIPT_SANDBOXING = YES;
				GCC_C_LANGUAGE_STANDARD = gnu17;
				GCC_DYNAMIC_NO_PIC = NO;
				GCC_NO_COMMON_BLOCKS = YES;
				GCC_OPTIMIZATION_LEVEL = 0;
				GCC_PREPROCESSOR_DEFINITIONS = (
					"DEBUG=1",
					"$(inherited)",
				);
				GCC_WARN_64_TO_32_BIT_CONVERSION = YES;
				GCC_WARN_ABOUT_RETURN_TYPE = YES_ERROR;
				GCC_WARN_UNDECLARED_SELECTOR = YES;
				GCC_WARN_UNINITIALIZED_AUTOS = YES_AGGRESSIVE;
				GCC_WARN_UNUSED_FUNCTION = YES;
				GCC_WARN_UNUSED_VARIABLE = YES;
				LOCALIZATION_PREFERS_STRING_CATALOGS = YES;
				MACOSX_DEPLOYMENT_TARGET = 14.0;
				MTL_ENABLE_DEBUG_INFO = INCLUDE_SOURCE;
				MTL_FAST_MATH = YES;
				ONLY_ACTIVE_ARCH = YES;
				SDKROOT = macosx;
				SWIFT_ACTIVE_COMPILATION_CONDITIONS = "DEBUG $(inherited)";
				SWIFT_OPTIMIZATION_LEVEL = "-Onone";
			};
			name = Debug;
		};
		263D73F22BA4C571002190F4 /* Release */ = {
			isa = XCBuildConfiguration;
			buildSettings = {
				ALWAYS_SEARCH_USER_PATHS = NO;
				ASSETCATALOG_COMPILER_GENERATE_SWIFT_ASSET_SYMBOL_EXTENSIONS = YES;
				CLANG_ANALYZER_NONNULL = YES;
				CLANG_ANALYZER_NUMBER_OBJECT_CONVERSION = YES_AGGRESSIVE;
				CLANG_CXX_LANGUAGE_STANDARD = "gnu++20";
				CLANG_ENABLE_MODULES = YES;
				CLANG_ENABLE_OBJC_ARC = YES;
				CLANG_ENABLE_OBJC_WEAK = YES;
				CLANG_WARN_BLOCK_CAPTURE_AUTORELEASING = YES;
				CLANG_WARN_BOOL_CONVERSION = YES;
				CLANG_WARN_COMMA = YES;
				CLANG_WARN_CONSTANT_CONVERSION = YES;
				CLANG_WARN_DEPRECATED_OBJC_IMPLEMENTATIONS = YES;
				CLANG_WARN_DIRECT_OBJC_ISA_USAGE = YES_ERROR;
				CLANG_WARN_DOCUMENTATION_COMMENTS = YES;
				CLANG_WARN_EMPTY_BODY = YES;
				CLANG_WARN_ENUM_CONVERSION = YES;
				CLANG_WARN_INFINITE_RECURSION = YES;
				CLANG_WARN_INT_CONVERSION = YES;
				CLANG_WARN_NON_LITERAL_NULL_CONVERSION = YES;
				CLANG_WARN_OBJC_IMPLICIT_RETAIN_SELF = YES;
				CLANG_WARN_OBJC_LITERAL_CONVERSION = YES;
				CLANG_WARN_OBJC_ROOT_CLASS = YES_ERROR;
				CLANG_WARN_QUOTED_INCLUDE_IN_FRAMEWORK_HEADER = YES;
				CLANG_WARN_RANGE_LOOP_ANALYSIS = YES;
				CLANG_WARN_STRICT_PROTOTYPES = YES;
				CLANG_WARN_SUSPICIOUS_MOVE = YES;
				CLANG_WARN_UNGUARDED_AVAILABILITY = YES_AGGRESSIVE;
				CLANG_WARN_UNREACHABLE_CODE = YES;
				CLANG_WARN__DUPLICATE_METHOD_MATCH = YES;
				COPY_PHASE_STRIP = NO;
				DEBUG_INFORMATION_FORMAT = "dwarf-with-dsym";
				ENABLE_NS_ASSERTIONS = NO;
				ENABLE_STRICT_OBJC_MSGSEND = YES;
				ENABLE_USER_SCRIPT_SANDBOXING = YES;
				GCC_C_LANGUAGE_STANDARD = gnu17;
				GCC_NO_COMMON_BLOCKS = YES;
				GCC_WARN_64_TO_32_BIT_CONVERSION = YES;
				GCC_WARN_ABOUT_RETURN_TYPE = YES_ERROR;
				GCC_WARN_UNDECLARED_SELECTOR = YES;
				GCC_WARN_UNINITIALIZED_AUTOS = YES_AGGRESSIVE;
				GCC_WARN_UNUSED_FUNCTION = YES;
				GCC_WARN_UNUSED_VARIABLE = YES;
				LOCALIZATION_PREFERS_STRING_CATALOGS = YES;
				MACOSX_DEPLOYMENT_TARGET = 14.0;
				MTL_ENABLE_DEBUG_INFO = NO;
				MTL_FAST_MATH = YES;
				SDKROOT = macosx;
				SWIFT_COMPILATION_MODE = wholemodule;
			};
			name = Release;
		};
		263D73F42BA4C571002190F4 /* Debug */ = {
			isa = XCBuildConfiguration;
			buildSettings = {
				ASSETCATALOG_COMPILER_APPICON_NAME = AppIcon;
				ASSETCATALOG_COMPILER_GLOBAL_ACCENT_COLOR_NAME = AccentColor;
				CODE_SIGN_ENTITLEMENTS = Mini04/Mini04.entitlements;
				"CODE_SIGN_IDENTITY[sdk=macosx*]" = "Apple Development";
				CODE_SIGN_STYLE = Automatic;
				COMBINE_HIDPI_IMAGES = YES;
				CURRENT_PROJECT_VERSION = 1;
				DEVELOPMENT_ASSET_PATHS = "\"Mini04/Preview Content\"";
				DEVELOPMENT_TEAM = 5GYXF2FP9Y;
				ENABLE_HARDENED_RUNTIME = YES;
				ENABLE_PREVIEWS = YES;
				GENERATE_INFOPLIST_FILE = YES;
				INFOPLIST_KEY_CFBundleDisplayName = Orato;
				INFOPLIST_KEY_LSApplicationCategoryType = "public.app-category.productivity";
				INFOPLIST_KEY_NSCameraUsageDescription = "Precisamos acessar sua câmera para gravar seu treino. Não temos acesso a seus treinos.";
				INFOPLIST_KEY_NSHumanReadableCopyright = "";
				INFOPLIST_KEY_NSMicrophoneUsageDescription = "Precisamos acessar seu microfone para você gravar mensagens de áudio ou vídeos. Suas gravações são privadas e só suas.";
				INFOPLIST_KEY_NSSpeechRecognitionUsageDescription = "Precisamos acessar seu microfone para você gravar mensagens de áudio ou vídeos. Suas gravações são privadas e só suas.";
				LD_RUNPATH_SEARCH_PATHS = (
					"$(inherited)",
					"@executable_path/../Frameworks",
				);
				MACOSX_DEPLOYMENT_TARGET = 14.0;
				MARKETING_VERSION = 1.0;
				PRODUCT_BUNDLE_IDENTIFIER = br.com.orato;
				PRODUCT_NAME = Orato;
				SWIFT_EMIT_LOC_STRINGS = YES;
				SWIFT_VERSION = 5.0;
			};
			name = Debug;
		};
		263D73F52BA4C571002190F4 /* Release */ = {
			isa = XCBuildConfiguration;
			buildSettings = {
				ASSETCATALOG_COMPILER_APPICON_NAME = AppIcon;
				ASSETCATALOG_COMPILER_GLOBAL_ACCENT_COLOR_NAME = AccentColor;
				CODE_SIGN_ENTITLEMENTS = Mini04/Mini04.entitlements;
				"CODE_SIGN_IDENTITY[sdk=macosx*]" = "Apple Development";
				CODE_SIGN_STYLE = Automatic;
				COMBINE_HIDPI_IMAGES = YES;
				CURRENT_PROJECT_VERSION = 1;
				DEVELOPMENT_ASSET_PATHS = "\"Mini04/Preview Content\"";
				DEVELOPMENT_TEAM = 5GYXF2FP9Y;
				ENABLE_HARDENED_RUNTIME = YES;
				ENABLE_PREVIEWS = YES;
				GENERATE_INFOPLIST_FILE = YES;
				INFOPLIST_KEY_CFBundleDisplayName = Orato;
				INFOPLIST_KEY_LSApplicationCategoryType = "public.app-category.productivity";
				INFOPLIST_KEY_NSCameraUsageDescription = "Precisamos acessar sua câmera para gravar seu treino. Não temos acesso a seus treinos.";
				INFOPLIST_KEY_NSHumanReadableCopyright = "";
				INFOPLIST_KEY_NSMicrophoneUsageDescription = "Precisamos acessar seu microfone para você gravar mensagens de áudio ou vídeos. Suas gravações são privadas e só suas.";
				INFOPLIST_KEY_NSSpeechRecognitionUsageDescription = "Precisamos acessar seu microfone para você gravar mensagens de áudio ou vídeos. Suas gravações são privadas e só suas.";
				LD_RUNPATH_SEARCH_PATHS = (
					"$(inherited)",
					"@executable_path/../Frameworks",
				);
				MACOSX_DEPLOYMENT_TARGET = 14.0;
				MARKETING_VERSION = 1.0;
				PRODUCT_BUNDLE_IDENTIFIER = br.com.orato;
				PRODUCT_NAME = Orato;
				SWIFT_EMIT_LOC_STRINGS = YES;
				SWIFT_VERSION = 5.0;
			};
			name = Release;
		};
		F196322A2BAA07340086D159 /* Debug */ = {
			isa = XCBuildConfiguration;
			buildSettings = {
				BUNDLE_LOADER = "$(TEST_HOST)";
				CODE_SIGN_STYLE = Automatic;
				CURRENT_PROJECT_VERSION = 1;
				DEVELOPMENT_TEAM = 5GYXF2FP9Y;
				GENERATE_INFOPLIST_FILE = YES;
				MACOSX_DEPLOYMENT_TARGET = 14.1;
				MARKETING_VERSION = 1.0;
				PRODUCT_BUNDLE_IDENTIFIER = VictorHugo.NetworkCallsTests;
				PRODUCT_NAME = "$(TARGET_NAME)";
				SWIFT_EMIT_LOC_STRINGS = NO;
				SWIFT_VERSION = 5.0;
				TEST_HOST = "$(BUILT_PRODUCTS_DIR)/Orato.app/$(BUNDLE_EXECUTABLE_FOLDER_PATH)/Orato";
			};
			name = Debug;
		};
		F196322B2BAA07340086D159 /* Release */ = {
			isa = XCBuildConfiguration;
			buildSettings = {
				BUNDLE_LOADER = "$(TEST_HOST)";
				CODE_SIGN_STYLE = Automatic;
				CURRENT_PROJECT_VERSION = 1;
				DEVELOPMENT_TEAM = 5GYXF2FP9Y;
				GENERATE_INFOPLIST_FILE = YES;
				MACOSX_DEPLOYMENT_TARGET = 14.1;
				MARKETING_VERSION = 1.0;
				PRODUCT_BUNDLE_IDENTIFIER = VictorHugo.NetworkCallsTests;
				PRODUCT_NAME = "$(TARGET_NAME)";
				SWIFT_EMIT_LOC_STRINGS = NO;
				SWIFT_VERSION = 5.0;
				TEST_HOST = "$(BUILT_PRODUCTS_DIR)/Orato.app/$(BUNDLE_EXECUTABLE_FOLDER_PATH)/Orato";
			};
			name = Release;
		};
/* End XCBuildConfiguration section */

/* Begin XCConfigurationList section */
		263D73DD2BA4C56F002190F4 /* Build configuration list for PBXProject "Orato" */ = {
			isa = XCConfigurationList;
			buildConfigurations = (
				263D73F12BA4C571002190F4 /* Debug */,
				263D73F22BA4C571002190F4 /* Release */,
			);
			defaultConfigurationIsVisible = 0;
			defaultConfigurationName = Release;
		};
		263D73F32BA4C571002190F4 /* Build configuration list for PBXNativeTarget "Orato" */ = {
			isa = XCConfigurationList;
			buildConfigurations = (
				263D73F42BA4C571002190F4 /* Debug */,
				263D73F52BA4C571002190F4 /* Release */,
			);
			defaultConfigurationIsVisible = 0;
			defaultConfigurationName = Release;
		};
		F19632292BAA07340086D159 /* Build configuration list for PBXNativeTarget "NetworkCallsTests" */ = {
			isa = XCConfigurationList;
			buildConfigurations = (
				F196322A2BAA07340086D159 /* Debug */,
				F196322B2BAA07340086D159 /* Release */,
			);
			defaultConfigurationIsVisible = 0;
			defaultConfigurationName = Release;
		};
/* End XCConfigurationList section */

/* Begin XCRemoteSwiftPackageReference section */
		263D740C2BAA2C57002190F4 /* XCRemoteSwiftPackageReference "SwiftSoup" */ = {
			isa = XCRemoteSwiftPackageReference;
			repositoryURL = "https://github.com/scinfu/SwiftSoup";
			requirement = {
				kind = upToNextMajorVersion;
				minimumVersion = 2.7.2;
			};
		};
/* End XCRemoteSwiftPackageReference section */

/* Begin XCSwiftPackageProductDependency section */
		F1721D8D2BC6FF4F00D08639 /* SwiftSoup */ = {
			isa = XCSwiftPackageProductDependency;
			productName = SwiftSoup;
		};
/* End XCSwiftPackageProductDependency section */
	};
	rootObject = 263D73DA2BA4C56F002190F4 /* Project object */;
}
